
Microsoft Visual Studio Solution File, Format Version 12.00
# Visual Studio Version 17
VisualStudioVersion = 17.7.34202.233
MinimumVisualStudioVersion = 10.0.40219.1
Project("{FAE04EC0-301F-11D3-BF4B-00C04F79EFBC}") = "train", "train\train.csproj", "{AE6B0598-682D-4DCA-88F9-D7FC4E38F735}"
EndProject
Global
	GlobalSection(SolutionConfigurationPlatforms) = preSolution
		Debug|Any CPU = Debug|Any CPU
		Release|Any CPU = Release|Any CPU
	EndGlobalSection
	GlobalSection(ProjectConfigurationPlatforms) = postSolution
		{AE6B0598-682D-4DCA-88F9-D7FC4E38F735}.Debug|Any CPU.ActiveCfg = Debug|Any CPU
		{AE6B0598-682D-4DCA-88F9-D7FC4E38F735}.Debug|Any CPU.Build.0 = Debug|Any CPU
		{AE6B0598-682D-4DCA-88F9-D7FC4E38F735}.Release|Any CPU.ActiveCfg = Release|Any CPU
		{AE6B0598-682D-4DCA-88F9-D7FC4E38F735}.Release|Any CPU.Build.0 = Release|Any CPU
	EndGlobalSection
	GlobalSection(SolutionProperties) = preSolution
		HideSolutionNode = FALSE
	EndGlobalSection
	GlobalSection(ExtensibilityGlobals) = postSolution
		SolutionGuid = {F713D613-D289-4F2A-BB47-254BBEA4161F}
	EndGlobalSection
EndGlobal
